
Microsoft Visual Studio Solution File, Format Version 12.00
# Visual Studio Version 17
VisualStudioVersion = 17.9.34723.18
MinimumVisualStudioVersion = 10.0.40219.1
Project("{FAE04EC0-301F-11D3-BF4B-00C04F79EFBC}") = "PdfReadOnly", "PdfReadOnly.csproj", "{32AF4396-64BA-4BDD-B701-478B40DA5440}"
EndProject
Global
	GlobalSection(SolutionConfigurationPlatforms) = preSolution
		Debug|Any CPU = Debug|Any CPU
		Release|Any CPU = Release|Any CPU
	EndGlobalSection
	GlobalSection(ProjectConfigurationPlatforms) = postSolution
		{32AF4396-64BA-4BDD-B701-478B40DA5440}.Debug|Any CPU.ActiveCfg = Debug|Any CPU
		{32AF4396-64BA-4BDD-B701-478B40DA5440}.Debug|Any CPU.Build.0 = Debug|Any CPU
		{32AF4396-64BA-4BDD-B701-478B40DA5440}.Release|Any CPU.ActiveCfg = Release|Any CPU
		{32AF4396-64BA-4BDD-B701-478B40DA5440}.Release|Any CPU.Build.0 = Release|Any CPU
	EndGlobalSection
	GlobalSection(SolutionProperties) = preSolution
		HideSolutionNode = FALSE
	EndGlobalSection
	GlobalSection(ExtensibilityGlobals) = postSolution
		SolutionGuid = {FF460EDC-68D2-4177-B68F-ECB2BF5E4525}
	EndGlobalSection
EndGlobal
