
Microsoft Visual Studio Solution File, Format Version 12.00
# Visual Studio Version 17
VisualStudioVersion = 17.10.34916.146
MinimumVisualStudioVersion = 10.0.40219.1
Project("{FAE04EC0-301F-11D3-BF4B-00C04F79EFBC}") = "NgGenerate", "NgGenerate.csproj", "{EDC8C3AC-3BD5-4242-8BF1-9247321C1DAA}"
EndProject
Global
	GlobalSection(SolutionConfigurationPlatforms) = preSolution
		Debug|Any CPU = Debug|Any CPU
		Release|Any CPU = Release|Any CPU
	EndGlobalSection
	GlobalSection(ProjectConfigurationPlatforms) = postSolution
		{EDC8C3AC-3BD5-4242-8BF1-9247321C1DAA}.Debug|Any CPU.ActiveCfg = Debug|Any CPU
		{EDC8C3AC-3BD5-4242-8BF1-9247321C1DAA}.Debug|Any CPU.Build.0 = Debug|Any CPU
		{EDC8C3AC-3BD5-4242-8BF1-9247321C1DAA}.Release|Any CPU.ActiveCfg = Release|Any CPU
		{EDC8C3AC-3BD5-4242-8BF1-9247321C1DAA}.Release|Any CPU.Build.0 = Release|Any CPU
	EndGlobalSection
	GlobalSection(SolutionProperties) = preSolution
		HideSolutionNode = FALSE
	EndGlobalSection
	GlobalSection(ExtensibilityGlobals) = postSolution
		SolutionGuid = {D9398E51-289C-4E79-AF57-D8A2E7169A1A}
	EndGlobalSection
EndGlobal
